
Microsoft Visual Studio Solution File, Format Version 12.00
# Visual Studio Version 17
VisualStudioVersion = 17.4.33213.308
MinimumVisualStudioVersion = 10.0.40219.1
Project("{9A19103F-16F7-4668-BE54-9A1E7A4F7556}") = "BasicDotNetServices.API", "BasicDotNetServices.API\BasicDotNetServices.API.csproj", "{6C1BC635-A500-4203-820A-BA7AA914683B}"
EndProject
Project("{2150E333-8FDC-42A3-9474-1A3956D46DE8}") = "Libraries", "Libraries", "{2CD01F1B-C1A1-49EC-9EAE-BE012EC1CD75}"
EndProject
Project("{2150E333-8FDC-42A3-9474-1A3956D46DE8}") = "Database", "Database", "{31686D4F-7D45-4A61-8ED4-2008D6BA1BD7}"
EndProject
Project("{2150E333-8FDC-42A3-9474-1A3956D46DE8}") = "UnitTesting", "UnitTesting", "{054FFD80-1A30-479E-89DF-2535F99E1C1C}"
EndProject
Project("{9A19103F-16F7-4668-BE54-9A1E7A4F7556}") = "BasicDotNetServices.DAL", "asicDotNetServices.DAL\BasicDotNetServices.DAL.csproj", "{BEE33041-E3A3-42E0-8CDC-41D9A56278EF}"
EndProject
Project("{9A19103F-16F7-4668-BE54-9A1E7A4F7556}") = "BasicDotNetServices.Core", "asicDotNetServices.Core\BasicDotNetServices.Core.csproj", "{C49FAF31-E5D4-4E89-A01A-E55C33360A52}"
EndProject
Project("{FAE04EC0-301F-11D3-BF4B-00C04F79EFBC}") = "asicDotNetServices.BusinessLogic", "asicDotNetServices.BusinessLogic\asicDotNetServices.BusinessLogic.csproj", "{C2B49888-6B11-4BE2-82CC-00B49505EAC5}"
EndProject
Project("{FAE04EC0-301F-11D3-BF4B-00C04F79EFBC}") = "BasicDotNetServices.BusinessLogic.Test", "BasicDotNetServices.BusinessLogic.Test\BasicDotNetServices.BusinessLogic.Test.csproj", "{720855B3-23E8-4A1F-AA54-C5758261A70C}"
EndProject
Project("{FAE04EC0-301F-11D3-BF4B-00C04F79EFBC}") = "BasicDotNetServices.Utilities", "BasicDotNetServices.Utilities\BasicDotNetServices.Utilities.csproj", "{9956134D-623E-44B0-96F3-83AE58472AAD}"
EndProject
Global
	GlobalSection(SolutionConfigurationPlatforms) = preSolution
		Debug|Any CPU = Debug|Any CPU
		Release|Any CPU = Release|Any CPU
	EndGlobalSection
	GlobalSection(ProjectConfigurationPlatforms) = postSolution
		{6C1BC635-A500-4203-820A-BA7AA914683B}.Debug|Any CPU.ActiveCfg = Debug|Any CPU
		{6C1BC635-A500-4203-820A-BA7AA914683B}.Debug|Any CPU.Build.0 = Debug|Any CPU
		{6C1BC635-A500-4203-820A-BA7AA914683B}.Release|Any CPU.ActiveCfg = Release|Any CPU
		{6C1BC635-A500-4203-820A-BA7AA914683B}.Release|Any CPU.Build.0 = Release|Any CPU
		{BEE33041-E3A3-42E0-8CDC-41D9A56278EF}.Debug|Any CPU.ActiveCfg = Debug|Any CPU
		{BEE33041-E3A3-42E0-8CDC-41D9A56278EF}.Debug|Any CPU.Build.0 = Debug|Any CPU
		{BEE33041-E3A3-42E0-8CDC-41D9A56278EF}.Release|Any CPU.ActiveCfg = Release|Any CPU
		{BEE33041-E3A3-42E0-8CDC-41D9A56278EF}.Release|Any CPU.Build.0 = Release|Any CPU
		{C49FAF31-E5D4-4E89-A01A-E55C33360A52}.Debug|Any CPU.ActiveCfg = Debug|Any CPU
		{C49FAF31-E5D4-4E89-A01A-E55C33360A52}.Debug|Any CPU.Build.0 = Debug|Any CPU
		{C49FAF31-E5D4-4E89-A01A-E55C33360A52}.Release|Any CPU.ActiveCfg = Release|Any CPU
		{C49FAF31-E5D4-4E89-A01A-E55C33360A52}.Release|Any CPU.Build.0 = Release|Any CPU
		{C2B49888-6B11-4BE2-82CC-00B49505EAC5}.Debug|Any CPU.ActiveCfg = Debug|Any CPU
		{C2B49888-6B11-4BE2-82CC-00B49505EAC5}.Debug|Any CPU.Build.0 = Debug|Any CPU
		{C2B49888-6B11-4BE2-82CC-00B49505EAC5}.Release|Any CPU.ActiveCfg = Release|Any CPU
		{C2B49888-6B11-4BE2-82CC-00B49505EAC5}.Release|Any CPU.Build.0 = Release|Any CPU
		{720855B3-23E8-4A1F-AA54-C5758261A70C}.Debug|Any CPU.ActiveCfg = Debug|Any CPU
		{720855B3-23E8-4A1F-AA54-C5758261A70C}.Debug|Any CPU.Build.0 = Debug|Any CPU
		{720855B3-23E8-4A1F-AA54-C5758261A70C}.Release|Any CPU.ActiveCfg = Release|Any CPU
		{720855B3-23E8-4A1F-AA54-C5758261A70C}.Release|Any CPU.Build.0 = Release|Any CPU
		{9956134D-623E-44B0-96F3-83AE58472AAD}.Debug|Any CPU.ActiveCfg = Debug|Any CPU
		{9956134D-623E-44B0-96F3-83AE58472AAD}.Debug|Any CPU.Build.0 = Debug|Any CPU
		{9956134D-623E-44B0-96F3-83AE58472AAD}.Release|Any CPU.ActiveCfg = Release|Any CPU
		{9956134D-623E-44B0-96F3-83AE58472AAD}.Release|Any CPU.Build.0 = Release|Any CPU
	EndGlobalSection
	GlobalSection(SolutionProperties) = preSolution
		HideSolutionNode = FALSE
	EndGlobalSection
	GlobalSection(NestedProjects) = preSolution
		{BEE33041-E3A3-42E0-8CDC-41D9A56278EF} = {2CD01F1B-C1A1-49EC-9EAE-BE012EC1CD75}
		{C49FAF31-E5D4-4E89-A01A-E55C33360A52} = {2CD01F1B-C1A1-49EC-9EAE-BE012EC1CD75}
		{C2B49888-6B11-4BE2-82CC-00B49505EAC5} = {2CD01F1B-C1A1-49EC-9EAE-BE012EC1CD75}
		{720855B3-23E8-4A1F-AA54-C5758261A70C} = {054FFD80-1A30-479E-89DF-2535F99E1C1C}
		{9956134D-623E-44B0-96F3-83AE58472AAD} = {2CD01F1B-C1A1-49EC-9EAE-BE012EC1CD75}
	EndGlobalSection
	GlobalSection(ExtensibilityGlobals) = postSolution
		SolutionGuid = {CB9A8BF8-5109-4949-AAC4-094C7CB2947C}
	EndGlobalSection
EndGlobal
